
Microsoft Visual Studio Solution File, Format Version 12.00
# Visual Studio 15
VisualStudioVersion = 15.0.27004.2002
MinimumVisualStudioVersion = 10.0.40219.1
Project("{FAE04EC0-301F-11D3-BF4B-00C04F79EFBC}") = "AVLdict", "AVLdict\AVLdict.csproj", "{C5790B07-997E-4D54-8C6F-3014EB588C3E}"
EndProject
Global
	GlobalSection(SolutionConfigurationPlatforms) = preSolution
		Debug|Any CPU = Debug|Any CPU
		Release|Any CPU = Release|Any CPU
	EndGlobalSection
	GlobalSection(ProjectConfigurationPlatforms) = postSolution
		{C5790B07-997E-4D54-8C6F-3014EB588C3E}.Debug|Any CPU.ActiveCfg = Debug|Any CPU
		{C5790B07-997E-4D54-8C6F-3014EB588C3E}.Debug|Any CPU.Build.0 = Debug|Any CPU
		{C5790B07-997E-4D54-8C6F-3014EB588C3E}.Release|Any CPU.ActiveCfg = Release|Any CPU
		{C5790B07-997E-4D54-8C6F-3014EB588C3E}.Release|Any CPU.Build.0 = Release|Any CPU
	EndGlobalSection
	GlobalSection(SolutionProperties) = preSolution
		HideSolutionNode = FALSE
	EndGlobalSection
	GlobalSection(ExtensibilityGlobals) = postSolution
		SolutionGuid = {E732076F-BF71-408A-9A87-5D8228C1530E}
	EndGlobalSection
EndGlobal
